// !$*UTF8*$!
{
	archiveVersion = 1;
	classes = {
	};
	objectVersion = 51;
	objects = {

/* Begin PBXBuildFile section */
		4D07C5212A272531001D0E7A /* UserInfo.swift in Sources */ = {isa = PBXBuildFile; fileRef = 4D07C5202A272531001D0E7A /* UserInfo.swift */; };
		4D07C5242A272538001D0E7A /* Inject.swift in Sources */ = {isa = PBXBuildFile; fileRef = 4D07C5222A272538001D0E7A /* Inject.swift */; };
		4D07C5252A272538001D0E7A /* DIContainer.swift in Sources */ = {isa = PBXBuildFile; fileRef = 4D07C5232A272538001D0E7A /* DIContainer.swift */; };
		4D07C5272A27253E001D0E7A /* Repository.swift in Sources */ = {isa = PBXBuildFile; fileRef = 4D07C5262A27253E001D0E7A /* Repository.swift */; };
		4D16DE6B2734FC5C0085EFF4 /* bottomsheetViewController.swift in Sources */ = {isa = PBXBuildFile; fileRef = 4D16DE6A2734FC5C0085EFF4 /* bottomsheetViewController.swift */; };
		4D562A96273D14D300EA4369 /* PicData.swift in Sources */ = {isa = PBXBuildFile; fileRef = 4D562A95273D14D300EA4369 /* PicData.swift */; };
		4D652243272FDDBA00DADEA7 /* ApiModel.swift in Sources */ = {isa = PBXBuildFile; fileRef = 4D652242272FDDBA00DADEA7 /* ApiModel.swift */; };
		4D88385727394E8C0097D270 /* 695-bouncy-mapmaker.json in Resources */ = {isa = PBXBuildFile; fileRef = 4D88385627394E8C0097D270 /* 695-bouncy-mapmaker.json */; };
		4D8838592739544D0097D270 /* 39873-map-location.json in Resources */ = {isa = PBXBuildFile; fileRef = 4D8838582739544D0097D270 /* 39873-map-location.json */; };
		4D88385B273A43850097D270 /* 78072-map-pin-location.json in Resources */ = {isa = PBXBuildFile; fileRef = 4D88385A273A43850097D270 /* 78072-map-pin-location.json */; };
		4D9C15E42A29E815007A4E41 /* BaseRepository.swift in Sources */ = {isa = PBXBuildFile; fileRef = 4D9C15E32A29E815007A4E41 /* BaseRepository.swift */; };
		4DE37DEC2A1F44A200533809 /* PicMapRequest.swift in Sources */ = {isa = PBXBuildFile; fileRef = 4DE37DEB2A1F44A200533809 /* PicMapRequest.swift */; };
		4DE37DEE2A1F4F0A00533809 /* mapViewModel.swift in Sources */ = {isa = PBXBuildFile; fileRef = 4DE37DED2A1F4F0A00533809 /* mapViewModel.swift */; };
		4DF7842C272D35F8001DD1DE /* AppDelegate.swift in Sources */ = {isa = PBXBuildFile; fileRef = 4DF7842B272D35F8001DD1DE /* AppDelegate.swift */; };
		4DF7842E272D35F8001DD1DE /* SceneDelegate.swift in Sources */ = {isa = PBXBuildFile; fileRef = 4DF7842D272D35F8001DD1DE /* SceneDelegate.swift */; };
		4DF78430272D35F8001DD1DE /* mapViewController.swift in Sources */ = {isa = PBXBuildFile; fileRef = 4DF7842F272D35F8001DD1DE /* mapViewController.swift */; };
		4DF78433272D35F8001DD1DE /* Main.storyboard in Resources */ = {isa = PBXBuildFile; fileRef = 4DF78431272D35F8001DD1DE /* Main.storyboard */; };
		4DF78435272D35F9001DD1DE /* Assets.xcassets in Resources */ = {isa = PBXBuildFile; fileRef = 4DF78434272D35F9001DD1DE /* Assets.xcassets */; };
		4DF78438272D35F9001DD1DE /* LaunchScreen.storyboard in Resources */ = {isa = PBXBuildFile; fileRef = 4DF78436272D35F9001DD1DE /* LaunchScreen.storyboard */; };
		4DF78441272D3711001DD1DE /* registerViewController.swift in Sources */ = {isa = PBXBuildFile; fileRef = 4DF78440272D3711001DD1DE /* registerViewController.swift */; };
		4DF78445272D3748001DD1DE /* logoViewController.swift in Sources */ = {isa = PBXBuildFile; fileRef = 4DF78444272D3748001DD1DE /* logoViewController.swift */; };
		4DF78447272D37C0001DD1DE /* loginViewController.swift in Sources */ = {isa = PBXBuildFile; fileRef = 4DF78446272D37C0001DD1DE /* loginViewController.swift */; };
		4DF78449272D394E001DD1DE /* GoogleService-Info.plist in Resources */ = {isa = PBXBuildFile; fileRef = 4DF78448272D394E001DD1DE /* GoogleService-Info.plist */; };
		4DF78453272D4F2A001DD1DE /* (null) in Embed Frameworks */ = {isa = PBXBuildFile; settings = {ATTRIBUTES = (CodeSignOnCopy, RemoveHeadersOnCopy, ); }; };
		5A07A32A2A29C152009AECE0 /* RoadAddrAPI.swift in Sources */ = {isa = PBXBuildFile; fileRef = 5A07A3292A29C152009AECE0 /* RoadAddrAPI.swift */; };
		5A07A32C2A29C595009AECE0 /* RoadAddrService.swift in Sources */ = {isa = PBXBuildFile; fileRef = 5A07A32B2A29C595009AECE0 /* RoadAddrService.swift */; };
		5A07A32E2A29C69D009AECE0 /* RoadAddressResponse.swift in Sources */ = {isa = PBXBuildFile; fileRef = 5A07A32D2A29C69D009AECE0 /* RoadAddressResponse.swift */; };
		5A07A3302A29F4A6009AECE0 /* RoadAddrError.swift in Sources */ = {isa = PBXBuildFile; fileRef = 5A07A32F2A29F4A6009AECE0 /* RoadAddrError.swift */; };
		5AEFC1732A287EA500F30D5E /* Record.swift in Sources */ = {isa = PBXBuildFile; fileRef = 5AEFC1722A287EA500F30D5E /* Record.swift */; };
		5AEFC1792A2881E400F30D5E /* EndPoint.swift in Sources */ = {isa = PBXBuildFile; fileRef = 5AEFC1782A2881E400F30D5E /* EndPoint.swift */; };
		5AEFC17B2A28822C00F30D5E /* HTTPMethod.swift in Sources */ = {isa = PBXBuildFile; fileRef = 5AEFC17A2A28822C00F30D5E /* HTTPMethod.swift */; };
		5AEFC17E2A2883B700F30D5E /* NetworkError.swift in Sources */ = {isa = PBXBuildFile; fileRef = 5AEFC17D2A2883B700F30D5E /* NetworkError.swift */; };
		5AEFC1802A28876900F30D5E /* RecordAPI.swift in Sources */ = {isa = PBXBuildFile; fileRef = 5AEFC17F2A28876900F30D5E /* RecordAPI.swift */; };
		5AEFC1822A28887700F30D5E /* RequestRecord.swift in Sources */ = {isa = PBXBuildFile; fileRef = 5AEFC1812A28887700F30D5E /* RequestRecord.swift */; };
		5AEFC1842A28944100F30D5E /* HTTPClient.swift in Sources */ = {isa = PBXBuildFile; fileRef = 5AEFC1832A28944100F30D5E /* HTTPClient.swift */; };
		5AEFC1892A289F6500F30D5E /* RecordService.swift in Sources */ = {isa = PBXBuildFile; fileRef = 5AEFC1882A289F6500F30D5E /* RecordService.swift */; };
		5AEFC18B2A28A06F00F30D5E /* ImageUploadResponse.swift in Sources */ = {isa = PBXBuildFile; fileRef = 5AEFC18A2A28A06F00F30D5E /* ImageUploadResponse.swift */; };
		D300E68C02E532312BB4D55A /* Pods_PicMap.framework in Frameworks */ = {isa = PBXBuildFile; fileRef = BF156055B54945C00BA48766 /* Pods_PicMap.framework */; };
/* End PBXBuildFile section */

/* Begin PBXCopyFilesBuildPhase section */
		4DF78454272D4F2A001DD1DE /* Embed Frameworks */ = {
			isa = PBXCopyFilesBuildPhase;
			buildActionMask = 2147483647;
			dstPath = "";
			dstSubfolderSpec = 10;
			files = (
				4DF78453272D4F2A001DD1DE /* (null) in Embed Frameworks */,
			);
			name = "Embed Frameworks";
			runOnlyForDeploymentPostprocessing = 0;
		};
/* End PBXCopyFilesBuildPhase section */

/* Begin PBXFileReference section */
		4747B97D55BF786DF0D68F40 /* Pods-PicMap.release.xcconfig */ = {isa = PBXFileReference; includeInIndex = 1; lastKnownFileType = text.xcconfig; name = "Pods-PicMap.release.xcconfig"; path = "Target Support Files/Pods-PicMap/Pods-PicMap.release.xcconfig"; sourceTree = "<group>"; };
		4D07C5202A272531001D0E7A /* UserInfo.swift */ = {isa = PBXFileReference; fileEncoding = 4; lastKnownFileType = sourcecode.swift; name = UserInfo.swift; path = PicMap/Common/Model/UserInfo.swift; sourceTree = SOURCE_ROOT; };
		4D07C5222A272538001D0E7A /* Inject.swift */ = {isa = PBXFileReference; fileEncoding = 4; lastKnownFileType = sourcecode.swift; path = Inject.swift; sourceTree = "<group>"; };
		4D07C5232A272538001D0E7A /* DIContainer.swift */ = {isa = PBXFileReference; fileEncoding = 4; lastKnownFileType = sourcecode.swift; path = DIContainer.swift; sourceTree = "<group>"; };
		4D07C5262A27253E001D0E7A /* Repository.swift */ = {isa = PBXFileReference; fileEncoding = 4; lastKnownFileType = sourcecode.swift; path = Repository.swift; sourceTree = "<group>"; };
		4D16DE6A2734FC5C0085EFF4 /* bottomsheetViewController.swift */ = {isa = PBXFileReference; lastKnownFileType = sourcecode.swift; path = bottomsheetViewController.swift; sourceTree = "<group>"; };
		4D562A95273D14D300EA4369 /* PicData.swift */ = {isa = PBXFileReference; fileEncoding = 4; lastKnownFileType = sourcecode.swift; path = PicData.swift; sourceTree = "<group>"; };
		4D652242272FDDBA00DADEA7 /* ApiModel.swift */ = {isa = PBXFileReference; lastKnownFileType = sourcecode.swift; path = ApiModel.swift; sourceTree = "<group>"; };
		4D88385627394E8C0097D270 /* 695-bouncy-mapmaker.json */ = {isa = PBXFileReference; fileEncoding = 4; lastKnownFileType = text.json; path = "695-bouncy-mapmaker.json"; sourceTree = "<group>"; };
		4D8838582739544D0097D270 /* 39873-map-location.json */ = {isa = PBXFileReference; fileEncoding = 4; lastKnownFileType = text.json; path = "39873-map-location.json"; sourceTree = "<group>"; };
		4D88385A273A43850097D270 /* 78072-map-pin-location.json */ = {isa = PBXFileReference; fileEncoding = 4; lastKnownFileType = text.json; path = "78072-map-pin-location.json"; sourceTree = "<group>"; };
		4D9C15E32A29E815007A4E41 /* BaseRepository.swift */ = {isa = PBXFileReference; lastKnownFileType = sourcecode.swift; path = BaseRepository.swift; sourceTree = "<group>"; };
		4DE37DEB2A1F44A200533809 /* PicMapRequest.swift */ = {isa = PBXFileReference; lastKnownFileType = sourcecode.swift; path = PicMapRequest.swift; sourceTree = "<group>"; };
		4DE37DED2A1F4F0A00533809 /* mapViewModel.swift */ = {isa = PBXFileReference; lastKnownFileType = sourcecode.swift; path = mapViewModel.swift; sourceTree = "<group>"; };
		4DF78428272D35F8001DD1DE /* PicMap.app */ = {isa = PBXFileReference; explicitFileType = wrapper.application; includeInIndex = 0; path = PicMap.app; sourceTree = BUILT_PRODUCTS_DIR; };
		4DF7842B272D35F8001DD1DE /* AppDelegate.swift */ = {isa = PBXFileReference; lastKnownFileType = sourcecode.swift; path = AppDelegate.swift; sourceTree = "<group>"; };
		4DF7842D272D35F8001DD1DE /* SceneDelegate.swift */ = {isa = PBXFileReference; lastKnownFileType = sourcecode.swift; path = SceneDelegate.swift; sourceTree = "<group>"; };
		4DF7842F272D35F8001DD1DE /* mapViewController.swift */ = {isa = PBXFileReference; lastKnownFileType = sourcecode.swift; path = mapViewController.swift; sourceTree = "<group>"; };
		4DF78432272D35F8001DD1DE /* Base */ = {isa = PBXFileReference; lastKnownFileType = file.storyboard; name = Base; path = Base.lproj/Main.storyboard; sourceTree = "<group>"; };
		4DF78434272D35F9001DD1DE /* Assets.xcassets */ = {isa = PBXFileReference; lastKnownFileType = folder.assetcatalog; path = Assets.xcassets; sourceTree = "<group>"; };
		4DF78437272D35F9001DD1DE /* Base */ = {isa = PBXFileReference; lastKnownFileType = file.storyboard; name = Base; path = Base.lproj/LaunchScreen.storyboard; sourceTree = "<group>"; };
		4DF78439272D35F9001DD1DE /* Info.plist */ = {isa = PBXFileReference; lastKnownFileType = text.plist.xml; path = Info.plist; sourceTree = "<group>"; };
		4DF78440272D3711001DD1DE /* registerViewController.swift */ = {isa = PBXFileReference; lastKnownFileType = sourcecode.swift; path = registerViewController.swift; sourceTree = "<group>"; };
		4DF78444272D3748001DD1DE /* logoViewController.swift */ = {isa = PBXFileReference; lastKnownFileType = sourcecode.swift; path = logoViewController.swift; sourceTree = "<group>"; };
		4DF78446272D37C0001DD1DE /* loginViewController.swift */ = {isa = PBXFileReference; lastKnownFileType = sourcecode.swift; path = loginViewController.swift; sourceTree = "<group>"; };
		4DF78448272D394E001DD1DE /* GoogleService-Info.plist */ = {isa = PBXFileReference; fileEncoding = 4; lastKnownFileType = text.plist.xml; path = "GoogleService-Info.plist"; sourceTree = "<group>"; };
		5A07A3292A29C152009AECE0 /* RoadAddrAPI.swift */ = {isa = PBXFileReference; lastKnownFileType = sourcecode.swift; path = RoadAddrAPI.swift; sourceTree = "<group>"; };
		5A07A32B2A29C595009AECE0 /* RoadAddrService.swift */ = {isa = PBXFileReference; lastKnownFileType = sourcecode.swift; path = RoadAddrService.swift; sourceTree = "<group>"; };
		5A07A32D2A29C69D009AECE0 /* RoadAddressResponse.swift */ = {isa = PBXFileReference; lastKnownFileType = sourcecode.swift; path = RoadAddressResponse.swift; sourceTree = "<group>"; };
		5A07A32F2A29F4A6009AECE0 /* RoadAddrError.swift */ = {isa = PBXFileReference; lastKnownFileType = sourcecode.swift; path = RoadAddrError.swift; sourceTree = "<group>"; };
		5AEFC1722A287EA500F30D5E /* Record.swift */ = {isa = PBXFileReference; lastKnownFileType = sourcecode.swift; path = Record.swift; sourceTree = "<group>"; };
		5AEFC1782A2881E400F30D5E /* EndPoint.swift */ = {isa = PBXFileReference; lastKnownFileType = sourcecode.swift; path = EndPoint.swift; sourceTree = "<group>"; };
		5AEFC17A2A28822C00F30D5E /* HTTPMethod.swift */ = {isa = PBXFileReference; lastKnownFileType = sourcecode.swift; path = HTTPMethod.swift; sourceTree = "<group>"; };
		5AEFC17D2A2883B700F30D5E /* NetworkError.swift */ = {isa = PBXFileReference; lastKnownFileType = sourcecode.swift; path = NetworkError.swift; sourceTree = "<group>"; };
		5AEFC17F2A28876900F30D5E /* RecordAPI.swift */ = {isa = PBXFileReference; lastKnownFileType = sourcecode.swift; path = RecordAPI.swift; sourceTree = "<group>"; };
		5AEFC1812A28887700F30D5E /* RequestRecord.swift */ = {isa = PBXFileReference; lastKnownFileType = sourcecode.swift; path = RequestRecord.swift; sourceTree = "<group>"; };
		5AEFC1832A28944100F30D5E /* HTTPClient.swift */ = {isa = PBXFileReference; lastKnownFileType = sourcecode.swift; path = HTTPClient.swift; sourceTree = "<group>"; };
		5AEFC1882A289F6500F30D5E /* RecordService.swift */ = {isa = PBXFileReference; lastKnownFileType = sourcecode.swift; path = RecordService.swift; sourceTree = "<group>"; };
		5AEFC18A2A28A06F00F30D5E /* ImageUploadResponse.swift */ = {isa = PBXFileReference; lastKnownFileType = sourcecode.swift; path = ImageUploadResponse.swift; sourceTree = "<group>"; };
		A588CEE2F614070D69557C16 /* Pods-PicMap.debug.xcconfig */ = {isa = PBXFileReference; includeInIndex = 1; lastKnownFileType = text.xcconfig; name = "Pods-PicMap.debug.xcconfig"; path = "Target Support Files/Pods-PicMap/Pods-PicMap.debug.xcconfig"; sourceTree = "<group>"; };
		BF156055B54945C00BA48766 /* Pods_PicMap.framework */ = {isa = PBXFileReference; explicitFileType = wrapper.framework; includeInIndex = 0; path = Pods_PicMap.framework; sourceTree = BUILT_PRODUCTS_DIR; };
/* End PBXFileReference section */

/* Begin PBXFrameworksBuildPhase section */
		4DF78425272D35F8001DD1DE /* Frameworks */ = {
			isa = PBXFrameworksBuildPhase;
			buildActionMask = 2147483647;
			files = (
				D300E68C02E532312BB4D55A /* Pods_PicMap.framework in Frameworks */,
			);
			runOnlyForDeploymentPostprocessing = 0;
		};
/* End PBXFrameworksBuildPhase section */

/* Begin PBXGroup section */
		18C7E85BCA85EDF5653C5C4D /* Frameworks */ = {
			isa = PBXGroup;
			children = (
				BF156055B54945C00BA48766 /* Pods_PicMap.framework */,
			);
			name = Frameworks;
			sourceTree = "<group>";
		};
		4D3B3D962A1F289100DBE0EB /* Common */ = {
			isa = PBXGroup;
			children = (
				4D9C15E22A29E7F2007A4E41 /* BaseProtocol */,
				4D07C5262A27253E001D0E7A /* Repository.swift */,
				4D07C5232A272538001D0E7A /* DIContainer.swift */,
				4D07C5222A272538001D0E7A /* Inject.swift */,
				4D3B3D992A1F289F00DBE0EB /* Resource */,
				4D3B3D982A1F289900DBE0EB /* Network */,
			);
			path = Common;
			sourceTree = "<group>";
		};
		4D3B3D972A1F289500DBE0EB /* Module */ = {
			isa = PBXGroup;
			children = (
				4D3B3D9C2A1F28BA00DBE0EB /* Content */,
				4D3B3D9B2A1F28AF00DBE0EB /* Login */,
				4D3B3D9A2A1F28AC00DBE0EB /* Home */,
			);
			path = Module;
			sourceTree = "<group>";
		};
		4D3B3D982A1F289900DBE0EB /* Network */ = {
			isa = PBXGroup;
			children = (
				5AEFC1872A289F4F00F30D5E /* Service */,
				4D3B3D9E2A1F28EB00DBE0EB /* Request */,
				4D3B3D9D2A1F28E500DBE0EB /* Model */,
			);
			path = Network;
			sourceTree = "<group>";
		};
		4D3B3D992A1F289F00DBE0EB /* Resource */ = {
			isa = PBXGroup;
			children = (
				4D8838582739544D0097D270 /* 39873-map-location.json */,
				4D88385A273A43850097D270 /* 78072-map-pin-location.json */,
				4D88385627394E8C0097D270 /* 695-bouncy-mapmaker.json */,
			);
			path = Resource;
			sourceTree = "<group>";
		};
		4D3B3D9A2A1F28AC00DBE0EB /* Home */ = {
			isa = PBXGroup;
			children = (
				4DF7842F272D35F8001DD1DE /* mapViewController.swift */,
				4DE37DED2A1F4F0A00533809 /* mapViewModel.swift */,
			);
			path = Home;
			sourceTree = "<group>";
		};
		4D3B3D9B2A1F28AF00DBE0EB /* Login */ = {
			isa = PBXGroup;
			children = (
				4DF78446272D37C0001DD1DE /* loginViewController.swift */,
				4DF78440272D3711001DD1DE /* registerViewController.swift */,
			);
			path = Login;
			sourceTree = "<group>";
		};
		4D3B3D9C2A1F28BA00DBE0EB /* Content */ = {
			isa = PBXGroup;
			children = (
				4D16DE6A2734FC5C0085EFF4 /* bottomsheetViewController.swift */,
			);
			path = Content;
			sourceTree = "<group>";
		};
		4D3B3D9D2A1F28E500DBE0EB /* Model */ = {
			isa = PBXGroup;
			children = (
				4D07C5202A272531001D0E7A /* UserInfo.swift */,
				5A07A32D2A29C69D009AECE0 /* RoadAddressResponse.swift */,
				5A07A32F2A29F4A6009AECE0 /* RoadAddrError.swift */,
				4D562A95273D14D300EA4369 /* PicData.swift */,
				5AEFC1782A2881E400F30D5E /* EndPoint.swift */,
				5AEFC1812A28887700F30D5E /* RequestRecord.swift */,
				5AEFC17A2A28822C00F30D5E /* HTTPMethod.swift */,
				5AEFC17D2A2883B700F30D5E /* NetworkError.swift */,
				5AEFC1722A287EA500F30D5E /* Record.swift */,
				5AEFC1832A28944100F30D5E /* HTTPClient.swift */,
				5AEFC18A2A28A06F00F30D5E /* ImageUploadResponse.swift */,
			);
			path = Model;
			sourceTree = "<group>";
		};
		4D3B3D9E2A1F28EB00DBE0EB /* Request */ = {
			isa = PBXGroup;
			children = (
				4D652242272FDDBA00DADEA7 /* ApiModel.swift */,
				4DE37DEB2A1F44A200533809 /* PicMapRequest.swift */,
				5A07A3292A29C152009AECE0 /* RoadAddrAPI.swift */,
				5AEFC17F2A28876900F30D5E /* RecordAPI.swift */,
			);
			path = Request;
			sourceTree = "<group>";
		};
		4D9C15E22A29E7F2007A4E41 /* BaseProtocol */ = {
			isa = PBXGroup;
			children = (
				4D9C15E32A29E815007A4E41 /* BaseRepository.swift */,
			);
			path = BaseProtocol;
			sourceTree = "<group>";
		};
		4DF7841F272D35F8001DD1DE = {
			isa = PBXGroup;
			children = (
				4DF7842A272D35F8001DD1DE /* PicMap */,
				4DF78429272D35F8001DD1DE /* Products */,
				CD954E0A4EF10D3875A12B07 /* Pods */,
				18C7E85BCA85EDF5653C5C4D /* Frameworks */,
			);
			sourceTree = "<group>";
		};
		4DF78429272D35F8001DD1DE /* Products */ = {
			isa = PBXGroup;
			children = (
				4DF78428272D35F8001DD1DE /* PicMap.app */,
			);
			name = Products;
			sourceTree = "<group>";
		};
		4DF7842A272D35F8001DD1DE /* PicMap */ = {
			isa = PBXGroup;
			children = (
				4D3B3D972A1F289500DBE0EB /* Module */,
				4D3B3D962A1F289100DBE0EB /* Common */,
				4DF7842B272D35F8001DD1DE /* AppDelegate.swift */,
				4DF7842D272D35F8001DD1DE /* SceneDelegate.swift */,
				4DF78434272D35F9001DD1DE /* Assets.xcassets */,
				4DF7843F272D36F1001DD1DE /* View */,
				4DF78436272D35F9001DD1DE /* LaunchScreen.storyboard */,
				4DF78439272D35F9001DD1DE /* Info.plist */,
				4DF78448272D394E001DD1DE /* GoogleService-Info.plist */,
			);
			path = PicMap;
			sourceTree = "<group>";
		};
		4DF7843F272D36F1001DD1DE /* View */ = {
			isa = PBXGroup;
			children = (
				4DF78431272D35F8001DD1DE /* Main.storyboard */,
				4DF78444272D3748001DD1DE /* logoViewController.swift */,
			);
			path = View;
			sourceTree = "<group>";
		};
		5AEFC1872A289F4F00F30D5E /* Service */ = {
			isa = PBXGroup;
			children = (
				5AEFC1882A289F6500F30D5E /* RecordService.swift */,
				5A07A32B2A29C595009AECE0 /* RoadAddrService.swift */,
			);
			path = Service;
			sourceTree = "<group>";
		};
		CD954E0A4EF10D3875A12B07 /* Pods */ = {
			isa = PBXGroup;
			children = (
				A588CEE2F614070D69557C16 /* Pods-PicMap.debug.xcconfig */,
				4747B97D55BF786DF0D68F40 /* Pods-PicMap.release.xcconfig */,
			);
			path = Pods;
			sourceTree = "<group>";
		};
/* End PBXGroup section */

/* Begin PBXNativeTarget section */
		4DF78427272D35F8001DD1DE /* PicMap */ = {
			isa = PBXNativeTarget;
			buildConfigurationList = 4DF7843C272D35F9001DD1DE /* Build configuration list for PBXNativeTarget "PicMap" */;
			buildPhases = (
				C3D1DDAB4F9974986E7E07DA /* [CP] Check Pods Manifest.lock */,
				4DF78424272D35F8001DD1DE /* Sources */,
				4DF78425272D35F8001DD1DE /* Frameworks */,
				4DF78426272D35F8001DD1DE /* Resources */,
				4DF78454272D4F2A001DD1DE /* Embed Frameworks */,
				AE866C2726345CF4C19BDFBB /* [CP] Embed Pods Frameworks */,
				3F27623E875815A47A5275B3 /* [CP] Copy Pods Resources */,
			);
			buildRules = (
			);
			dependencies = (
			);
			name = PicMap;
			productName = PicMap;
			productReference = 4DF78428272D35F8001DD1DE /* PicMap.app */;
			productType = "com.apple.product-type.application";
		};
/* End PBXNativeTarget section */

/* Begin PBXProject section */
		4DF78420272D35F8001DD1DE /* Project object */ = {
			isa = PBXProject;
			attributes = {
				LastSwiftUpdateCheck = 1250;
				LastUpgradeCheck = 1250;
				TargetAttributes = {
					4DF78427272D35F8001DD1DE = {
						CreatedOnToolsVersion = 12.5.1;
					};
				};
			};
			buildConfigurationList = 4DF78423272D35F8001DD1DE /* Build configuration list for PBXProject "PicMap" */;
			compatibilityVersion = "Xcode 9.3";
			developmentRegion = en;
			hasScannedForEncodings = 0;
			knownRegions = (
				en,
				Base,
			);
			mainGroup = 4DF7841F272D35F8001DD1DE;
			productRefGroup = 4DF78429272D35F8001DD1DE /* Products */;
			projectDirPath = "";
			projectRoot = "";
			targets = (
				4DF78427272D35F8001DD1DE /* PicMap */,
			);
		};
/* End PBXProject section */

/* Begin PBXResourcesBuildPhase section */
		4DF78426272D35F8001DD1DE /* Resources */ = {
			isa = PBXResourcesBuildPhase;
			buildActionMask = 2147483647;
			files = (
				4D8838592739544D0097D270 /* 39873-map-location.json in Resources */,
				4DF78438272D35F9001DD1DE /* LaunchScreen.storyboard in Resources */,
				4DF78449272D394E001DD1DE /* GoogleService-Info.plist in Resources */,
				4D88385727394E8C0097D270 /* 695-bouncy-mapmaker.json in Resources */,
				4D88385B273A43850097D270 /* 78072-map-pin-location.json in Resources */,
				4DF78435272D35F9001DD1DE /* Assets.xcassets in Resources */,
				4DF78433272D35F8001DD1DE /* Main.storyboard in Resources */,
			);
			runOnlyForDeploymentPostprocessing = 0;
		};
/* End PBXResourcesBuildPhase section */

/* Begin PBXShellScriptBuildPhase section */
		3F27623E875815A47A5275B3 /* [CP] Copy Pods Resources */ = {
			isa = PBXShellScriptBuildPhase;
			buildActionMask = 2147483647;
			files = (
			);
			inputFileListPaths = (
				"${PODS_ROOT}/Target Support Files/Pods-PicMap/Pods-PicMap-resources-${CONFIGURATION}-input-files.xcfilelist",
			);
			name = "[CP] Copy Pods Resources";
			outputFileListPaths = (
				"${PODS_ROOT}/Target Support Files/Pods-PicMap/Pods-PicMap-resources-${CONFIGURATION}-output-files.xcfilelist",
			);
			runOnlyForDeploymentPostprocessing = 0;
			shellPath = /bin/sh;
			shellScript = "\"${PODS_ROOT}/Target Support Files/Pods-PicMap/Pods-PicMap-resources.sh\"\n";
			showEnvVarsInLog = 0;
		};
		AE866C2726345CF4C19BDFBB /* [CP] Embed Pods Frameworks */ = {
			isa = PBXShellScriptBuildPhase;
			buildActionMask = 2147483647;
			files = (
			);
			inputFileListPaths = (
				"${PODS_ROOT}/Target Support Files/Pods-PicMap/Pods-PicMap-frameworks-${CONFIGURATION}-input-files.xcfilelist",
			);
			name = "[CP] Embed Pods Frameworks";
			outputFileListPaths = (
				"${PODS_ROOT}/Target Support Files/Pods-PicMap/Pods-PicMap-frameworks-${CONFIGURATION}-output-files.xcfilelist",
			);
			runOnlyForDeploymentPostprocessing = 0;
			shellPath = /bin/sh;
			shellScript = "\"${PODS_ROOT}/Target Support Files/Pods-PicMap/Pods-PicMap-frameworks.sh\"\n";
			showEnvVarsInLog = 0;
		};
		C3D1DDAB4F9974986E7E07DA /* [CP] Check Pods Manifest.lock */ = {
			isa = PBXShellScriptBuildPhase;
			buildActionMask = 2147483647;
			files = (
			);
			inputFileListPaths = (
			);
			inputPaths = (
				"${PODS_PODFILE_DIR_PATH}/Podfile.lock",
				"${PODS_ROOT}/Manifest.lock",
			);
			name = "[CP] Check Pods Manifest.lock";
			outputFileListPaths = (
			);
			outputPaths = (
				"$(DERIVED_FILE_DIR)/Pods-PicMap-checkManifestLockResult.txt",
			);
			runOnlyForDeploymentPostprocessing = 0;
			shellPath = /bin/sh;
			shellScript = "diff \"${PODS_PODFILE_DIR_PATH}/Podfile.lock\" \"${PODS_ROOT}/Manifest.lock\" > /dev/null\nif [ $? != 0 ] ; then\n    # print error to STDERR\n    echo \"error: The sandbox is not in sync with the Podfile.lock. Run 'pod install' or update your CocoaPods installation.\" >&2\n    exit 1\nfi\n# This output is used by Xcode 'outputs' to avoid re-running this script phase.\necho \"SUCCESS\" > \"${SCRIPT_OUTPUT_FILE_0}\"\n";
			showEnvVarsInLog = 0;
		};
/* End PBXShellScriptBuildPhase section */

/* Begin PBXSourcesBuildPhase section */
		4DF78424272D35F8001DD1DE /* Sources */ = {
			isa = PBXSourcesBuildPhase;
			buildActionMask = 2147483647;
			files = (
				4D07C5242A272538001D0E7A /* Inject.swift in Sources */,
				4D16DE6B2734FC5C0085EFF4 /* bottomsheetViewController.swift in Sources */,
				5AEFC17B2A28822C00F30D5E /* HTTPMethod.swift in Sources */,
				5AEFC1792A2881E400F30D5E /* EndPoint.swift in Sources */,
				4D562A96273D14D300EA4369 /* PicData.swift in Sources */,
				4DF78447272D37C0001DD1DE /* loginViewController.swift in Sources */,
				4DE37DEE2A1F4F0A00533809 /* mapViewModel.swift in Sources */,
				4DF78430272D35F8001DD1DE /* mapViewController.swift in Sources */,
				5AEFC17E2A2883B700F30D5E /* NetworkError.swift in Sources */,
				4D07C5252A272538001D0E7A /* DIContainer.swift in Sources */,
				5A07A32C2A29C595009AECE0 /* RoadAddrService.swift in Sources */,
				4D652243272FDDBA00DADEA7 /* ApiModel.swift in Sources */,
				5AEFC18B2A28A06F00F30D5E /* ImageUploadResponse.swift in Sources */,
				5A07A3302A29F4A6009AECE0 /* RoadAddrError.swift in Sources */,
				5AEFC1802A28876900F30D5E /* RecordAPI.swift in Sources */,
				5AEFC1892A289F6500F30D5E /* RecordService.swift in Sources */,
				4DF78445272D3748001DD1DE /* logoViewController.swift in Sources */,
				4D07C5212A272531001D0E7A /* UserInfo.swift in Sources */,
				4D07C5272A27253E001D0E7A /* Repository.swift in Sources */,
				4DF7842C272D35F8001DD1DE /* AppDelegate.swift in Sources */,
				4DF7842E272D35F8001DD1DE /* SceneDelegate.swift in Sources */,
				4DF78441272D3711001DD1DE /* registerViewController.swift in Sources */,
				5AEFC1842A28944100F30D5E /* HTTPClient.swift in Sources */,
				5AEFC1732A287EA500F30D5E /* Record.swift in Sources */,
				5A07A32A2A29C152009AECE0 /* RoadAddrAPI.swift in Sources */,
				5AEFC1822A28887700F30D5E /* RequestRecord.swift in Sources */,
				5A07A32E2A29C69D009AECE0 /* RoadAddressResponse.swift in Sources */,
				4D9C15E42A29E815007A4E41 /* BaseRepository.swift in Sources */,
				4DE37DEC2A1F44A200533809 /* PicMapRequest.swift in Sources */,
			);
			runOnlyForDeploymentPostprocessing = 0;
		};
/* End PBXSourcesBuildPhase section */

/* Begin PBXVariantGroup section */
		4DF78431272D35F8001DD1DE /* Main.storyboard */ = {
			isa = PBXVariantGroup;
			children = (
				4DF78432272D35F8001DD1DE /* Base */,
			);
			name = Main.storyboard;
			sourceTree = "<group>";
		};
		4DF78436272D35F9001DD1DE /* LaunchScreen.storyboard */ = {
			isa = PBXVariantGroup;
			children = (
				4DF78437272D35F9001DD1DE /* Base */,
			);
			name = LaunchScreen.storyboard;
			sourceTree = "<group>";
		};
/* End PBXVariantGroup section */

/* Begin XCBuildConfiguration section */
		4DF7843A272D35F9001DD1DE /* Debug */ = {
			isa = XCBuildConfiguration;
			buildSettings = {
				ALWAYS_SEARCH_USER_PATHS = NO;
				ARCHS = "$(ARCHS_STANDARD)";
				CLANG_ANALYZER_NONNULL = YES;
				CLANG_ANALYZER_NUMBER_OBJECT_CONVERSION = YES_AGGRESSIVE;
				CLANG_CXX_LANGUAGE_STANDARD = "gnu++14";
				CLANG_CXX_LIBRARY = "libc++";
				CLANG_ENABLE_MODULES = YES;
				CLANG_ENABLE_OBJC_ARC = YES;
				CLANG_ENABLE_OBJC_WEAK = YES;
				CLANG_WARN_BLOCK_CAPTURE_AUTORELEASING = YES;
				CLANG_WARN_BOOL_CONVERSION = YES;
				CLANG_WARN_COMMA = YES;
				CLANG_WARN_CONSTANT_CONVERSION = YES;
				CLANG_WARN_DEPRECATED_OBJC_IMPLEMENTATIONS = YES;
				CLANG_WARN_DIRECT_OBJC_ISA_USAGE = YES_ERROR;
				CLANG_WARN_DOCUMENTATION_COMMENTS = YES;
				CLANG_WARN_EMPTY_BODY = YES;
				CLANG_WARN_ENUM_CONVERSION = YES;
				CLANG_WARN_INFINITE_RECURSION = YES;
				CLANG_WARN_INT_CONVERSION = YES;
				CLANG_WARN_NON_LITERAL_NULL_CONVERSION = YES;
				CLANG_WARN_OBJC_IMPLICIT_RETAIN_SELF = YES;
				CLANG_WARN_OBJC_LITERAL_CONVERSION = YES;
				CLANG_WARN_OBJC_ROOT_CLASS = YES_ERROR;
				CLANG_WARN_QUOTED_INCLUDE_IN_FRAMEWORK_HEADER = YES;
				CLANG_WARN_RANGE_LOOP_ANALYSIS = YES;
				CLANG_WARN_STRICT_PROTOTYPES = YES;
				CLANG_WARN_SUSPICIOUS_MOVE = YES;
				CLANG_WARN_UNGUARDED_AVAILABILITY = YES_AGGRESSIVE;
				CLANG_WARN_UNREACHABLE_CODE = YES;
				CLANG_WARN__DUPLICATE_METHOD_MATCH = YES;
				COPY_PHASE_STRIP = NO;
				DEBUG_INFORMATION_FORMAT = dwarf;
				ENABLE_STRICT_OBJC_MSGSEND = YES;
				ENABLE_TESTABILITY = YES;
				GCC_C_LANGUAGE_STANDARD = gnu11;
				GCC_DYNAMIC_NO_PIC = NO;
				GCC_NO_COMMON_BLOCKS = YES;
				GCC_OPTIMIZATION_LEVEL = 0;
				GCC_PREPROCESSOR_DEFINITIONS = (
					"DEBUG=1",
					"$(inherited)",
				);
				GCC_WARN_64_TO_32_BIT_CONVERSION = YES;
				GCC_WARN_ABOUT_RETURN_TYPE = YES_ERROR;
				GCC_WARN_UNDECLARED_SELECTOR = YES;
				GCC_WARN_UNINITIALIZED_AUTOS = YES_AGGRESSIVE;
				GCC_WARN_UNUSED_FUNCTION = YES;
				GCC_WARN_UNUSED_VARIABLE = YES;
				IPHONEOS_DEPLOYMENT_TARGET = 14.5;
				MTL_ENABLE_DEBUG_INFO = INCLUDE_SOURCE;
				MTL_FAST_MATH = YES;
				ONLY_ACTIVE_ARCH = YES;
				SDKROOT = iphoneos;
				SWIFT_ACTIVE_COMPILATION_CONDITIONS = DEBUG;
				SWIFT_OPTIMIZATION_LEVEL = "-Onone";
				VALIDATE_PRODUCT = YES;
			};
			name = Debug;
		};
		4DF7843B272D35F9001DD1DE /* Release */ = {
			isa = XCBuildConfiguration;
			buildSettings = {
				ALWAYS_SEARCH_USER_PATHS = NO;
				ARCHS = "$(ARCHS_STANDARD)";
				CLANG_ANALYZER_NONNULL = YES;
				CLANG_ANALYZER_NUMBER_OBJECT_CONVERSION = YES_AGGRESSIVE;
				CLANG_CXX_LANGUAGE_STANDARD = "gnu++14";
				CLANG_CXX_LIBRARY = "libc++";
				CLANG_ENABLE_MODULES = YES;
				CLANG_ENABLE_OBJC_ARC = YES;
				CLANG_ENABLE_OBJC_WEAK = YES;
				CLANG_WARN_BLOCK_CAPTURE_AUTORELEASING = YES;
				CLANG_WARN_BOOL_CONVERSION = YES;
				CLANG_WARN_COMMA = YES;
				CLANG_WARN_CONSTANT_CONVERSION = YES;
				CLANG_WARN_DEPRECATED_OBJC_IMPLEMENTATIONS = YES;
				CLANG_WARN_DIRECT_OBJC_ISA_USAGE = YES_ERROR;
				CLANG_WARN_DOCUMENTATION_COMMENTS = YES;
				CLANG_WARN_EMPTY_BODY = YES;
				CLANG_WARN_ENUM_CONVERSION = YES;
				CLANG_WARN_INFINITE_RECURSION = YES;
				CLANG_WARN_INT_CONVERSION = YES;
				CLANG_WARN_NON_LITERAL_NULL_CONVERSION = YES;
				CLANG_WARN_OBJC_IMPLICIT_RETAIN_SELF = YES;
				CLANG_WARN_OBJC_LITERAL_CONVERSION = YES;
				CLANG_WARN_OBJC_ROOT_CLASS = YES_ERROR;
				CLANG_WARN_QUOTED_INCLUDE_IN_FRAMEWORK_HEADER = YES;
				CLANG_WARN_RANGE_LOOP_ANALYSIS = YES;
				CLANG_WARN_STRICT_PROTOTYPES = YES;
				CLANG_WARN_SUSPICIOUS_MOVE = YES;
				CLANG_WARN_UNGUARDED_AVAILABILITY = YES_AGGRESSIVE;
				CLANG_WARN_UNREACHABLE_CODE = YES;
				CLANG_WARN__DUPLICATE_METHOD_MATCH = YES;
				COPY_PHASE_STRIP = NO;
				DEBUG_INFORMATION_FORMAT = "dwarf-with-dsym";
				ENABLE_NS_ASSERTIONS = NO;
				ENABLE_STRICT_OBJC_MSGSEND = YES;
				GCC_C_LANGUAGE_STANDARD = gnu11;
				GCC_NO_COMMON_BLOCKS = YES;
				GCC_WARN_64_TO_32_BIT_CONVERSION = YES;
				GCC_WARN_ABOUT_RETURN_TYPE = YES_ERROR;
				GCC_WARN_UNDECLARED_SELECTOR = YES;
				GCC_WARN_UNINITIALIZED_AUTOS = YES_AGGRESSIVE;
				GCC_WARN_UNUSED_FUNCTION = YES;
				GCC_WARN_UNUSED_VARIABLE = YES;
				IPHONEOS_DEPLOYMENT_TARGET = 14.5;
				MTL_ENABLE_DEBUG_INFO = NO;
				MTL_FAST_MATH = YES;
				ONLY_ACTIVE_ARCH = YES;
				SDKROOT = iphoneos;
				SWIFT_COMPILATION_MODE = wholemodule;
				SWIFT_OPTIMIZATION_LEVEL = "-O";
				VALIDATE_PRODUCT = YES;
			};
			name = Release;
		};
		4DF7843D272D35F9001DD1DE /* Debug */ = {
			isa = XCBuildConfiguration;
			baseConfigurationReference = A588CEE2F614070D69557C16 /* Pods-PicMap.debug.xcconfig */;
			buildSettings = {
				ASSETCATALOG_COMPILER_APPICON_NAME = AppIcon;
				ASSETCATALOG_COMPILER_GLOBAL_ACCENT_COLOR_NAME = AccentColor;
				CODE_SIGN_STYLE = Automatic;
				DEVELOPMENT_TEAM = RK4T596U74;
				INFOPLIST_FILE = PicMap/Info.plist;
				IPHONEOS_DEPLOYMENT_TARGET = 14.5;
				LD_RUNPATH_SEARCH_PATHS = (
					"$(inherited)",
					"@executable_path/Frameworks",
				);
				PRODUCT_BUNDLE_IDENTIFIER = sjk.PicMap;
				PRODUCT_NAME = "$(TARGET_NAME)";
				SWIFT_VERSION = 5.0;
				TARGETED_DEVICE_FAMILY = "1,2";
				VALIDATE_WORKSPACE = NO;
			};
			name = Debug;
		};
		4DF7843E272D35F9001DD1DE /* Release */ = {
			isa = XCBuildConfiguration;
			baseConfigurationReference = 4747B97D55BF786DF0D68F40 /* Pods-PicMap.release.xcconfig */;
			buildSettings = {
				ASSETCATALOG_COMPILER_APPICON_NAME = AppIcon;
				ASSETCATALOG_COMPILER_GLOBAL_ACCENT_COLOR_NAME = AccentColor;
				CODE_SIGN_STYLE = Automatic;
				DEVELOPMENT_TEAM = RK4T596U74;
				INFOPLIST_FILE = PicMap/Info.plist;
				IPHONEOS_DEPLOYMENT_TARGET = 14.5;
				LD_RUNPATH_SEARCH_PATHS = (
					"$(inherited)",
					"@executable_path/Frameworks",
				);
				PRODUCT_BUNDLE_IDENTIFIER = sjk.PicMap;
				PRODUCT_NAME = "$(TARGET_NAME)";
				SWIFT_VERSION = 5.0;
				TARGETED_DEVICE_FAMILY = "1,2";
				VALIDATE_WORKSPACE = NO;
			};
			name = Release;
		};
/* End XCBuildConfiguration section */

/* Begin XCConfigurationList section */
		4DF78423272D35F8001DD1DE /* Build configuration list for PBXProject "PicMap" */ = {
			isa = XCConfigurationList;
			buildConfigurations = (
				4DF7843A272D35F9001DD1DE /* Debug */,
				4DF7843B272D35F9001DD1DE /* Release */,
			);
			defaultConfigurationIsVisible = 0;
			defaultConfigurationName = Release;
		};
		4DF7843C272D35F9001DD1DE /* Build configuration list for PBXNativeTarget "PicMap" */ = {
			isa = XCConfigurationList;
			buildConfigurations = (
				4DF7843D272D35F9001DD1DE /* Debug */,
				4DF7843E272D35F9001DD1DE /* Release */,
			);
			defaultConfigurationIsVisible = 0;
			defaultConfigurationName = Release;
		};
/* End XCConfigurationList section */
	};
	rootObject = 4DF78420272D35F8001DD1DE /* Project object */;
}
